// !$*UTF8*$!
{
	archiveVersion = 1;
	classes = {
	};
	objectVersion = 46;
	objects = {

/* Begin PBXBuildFile section */
		889A965D1DFAA64B0004084E /* InCollectionViewFlowLayout.m in Sources */ = {isa = PBXBuildFile; fileRef = 889A965C1DFAA64B0004084E /* InCollectionViewFlowLayout.m */; };
		88B56FB91DFA60C8002B991A /* main.m in Sources */ = {isa = PBXBuildFile; fileRef = 88B56FB81DFA60C8002B991A /* main.m */; };
		88B56FBC1DFA60C8002B991A /* AppDelegate.m in Sources */ = {isa = PBXBuildFile; fileRef = 88B56FBB1DFA60C8002B991A /* AppDelegate.m */; };
		88B56FBF1DFA60C8002B991A /* ViewController.m in Sources */ = {isa = PBXBuildFile; fileRef = 88B56FBE1DFA60C8002B991A /* ViewController.m */; };
		88B56FC21DFA60C8002B991A /* Main.storyboard in Resources */ = {isa = PBXBuildFile; fileRef = 88B56FC01DFA60C8002B991A /* Main.storyboard */; };
		88B56FC41DFA60C8002B991A /* Assets.xcassets in Resources */ = {isa = PBXBuildFile; fileRef = 88B56FC31DFA60C8002B991A /* Assets.xcassets */; };
		88B56FC71DFA60C8002B991A /* LaunchScreen.storyboard in Resources */ = {isa = PBXBuildFile; fileRef = 88B56FC51DFA60C8002B991A /* LaunchScreen.storyboard */; };
		88B56FD21DFA60C8002B991A /* AppStoreTests.m in Sources */ = {isa = PBXBuildFile; fileRef = 88B56FD11DFA60C8002B991A /* AppStoreTests.m */; };
		88B56FDD1DFA60C8002B991A /* AppStoreUITests.m in Sources */ = {isa = PBXBuildFile; fileRef = 88B56FDC1DFA60C8002B991A /* AppStoreUITests.m */; };
/* End PBXBuildFile section */

/* Begin PBXContainerItemProxy section */
		88B56FCE1DFA60C8002B991A /* PBXContainerItemProxy */ = {
			isa = PBXContainerItemProxy;
			containerPortal = 88B56FAC1DFA60C8002B991A /* Project object */;
			proxyType = 1;
			remoteGlobalIDString = 88B56FB31DFA60C8002B991A;
			remoteInfo = AppStore;
		};
		88B56FD91DFA60C8002B991A /* PBXContainerItemProxy */ = {
			isa = PBXContainerItemProxy;
			containerPortal = 88B56FAC1DFA60C8002B991A /* Project object */;
			proxyType = 1;
			remoteGlobalIDString = 88B56FB31DFA60C8002B991A;
			remoteInfo = AppStore;
		};
/* End PBXContainerItemProxy section */

/* Begin PBXFileReference section */
		889A965B1DFAA64B0004084E /* InCollectionViewFlowLayout.h */ = {isa = PBXFileReference; fileEncoding = 4; lastKnownFileType = sourcecode.c.h; path = InCollectionViewFlowLayout.h; sourceTree = "<group>"; };
		889A965C1DFAA64B0004084E /* InCollectionViewFlowLayout.m */ = {isa = PBXFileReference; fileEncoding = 4; lastKnownFileType = sourcecode.c.objc; path = InCollectionViewFlowLayout.m; sourceTree = "<group>"; };
		88B56FB41DFA60C8002B991A /* AppStore.app */ = {isa = PBXFileReference; explicitFileType = wrapper.application; includeInIndex = 0; path = AppStore.app; sourceTree = BUILT_PRODUCTS_DIR; };
		88B56FB81DFA60C8002B991A /* main.m */ = {isa = PBXFileReference; lastKnownFileType = sourcecode.c.objc; path = main.m; sourceTree = "<group>"; };
		88B56FBA1DFA60C8002B991A /* AppDelegate.h */ = {isa = PBXFileReference; lastKnownFileType = sourcecode.c.h; path = AppDelegate.h; sourceTree = "<group>"; };
		88B56FBB1DFA60C8002B991A /* AppDelegate.m */ = {isa = PBXFileReference; lastKnownFileType = sourcecode.c.objc; path = AppDelegate.m; sourceTree = "<group>"; };
		88B56FBD1DFA60C8002B991A /* ViewController.h */ = {isa = PBXFileReference; lastKnownFileType = sourcecode.c.h; path = ViewController.h; sourceTree = "<group>"; };
		88B56FBE1DFA60C8002B991A /* ViewController.m */ = {isa = PBXFileReference; lastKnownFileType = sourcecode.c.objc; path = ViewController.m; sourceTree = "<group>"; };
		88B56FC11DFA60C8002B991A /* Base */ = {isa = PBXFileReference; lastKnownFileType = file.storyboard; name = Base; path = Base.lproj/Main.storyboard; sourceTree = "<group>"; };
		88B56FC31DFA60C8002B991A /* Assets.xcassets */ = {isa = PBXFileReference; lastKnownFileType = folder.assetcatalog; path = Assets.xcassets; sourceTree = "<group>"; };
		88B56FC61DFA60C8002B991A /* Base */ = {isa = PBXFileReference; lastKnownFileType = file.storyboard; name = Base; path = Base.lproj/LaunchScreen.storyboard; sourceTree = "<group>"; };
		88B56FC81DFA60C8002B991A /* Info.plist */ = {isa = PBXFileReference; lastKnownFileType = text.plist.xml; path = Info.plist; sourceTree = "<group>"; };
		88B56FCD1DFA60C8002B991A /* AppStoreTests.xctest */ = {isa = PBXFileReference; explicitFileType = wrapper.cfbundle; includeInIndex = 0; path = AppStoreTests.xctest; sourceTree = BUILT_PRODUCTS_DIR; };
		88B56FD11DFA60C8002B991A /* AppStoreTests.m */ = {isa = PBXFileReference; lastKnownFileType = sourcecode.c.objc; path = AppStoreTests.m; sourceTree = "<group>"; };
		88B56FD31DFA60C8002B991A /* Info.plist */ = {isa = PBXFileReference; lastKnownFileType = text.plist.xml; path = Info.plist; sourceTree = "<group>"; };
		88B56FD81DFA60C8002B991A /* AppStoreUITests.xctest */ = {isa = PBXFileReference; explicitFileType = wrapper.cfbundle; includeInIndex = 0; path = AppStoreUITests.xctest; sourceTree = BUILT_PRODUCTS_DIR; };
		88B56FDC1DFA60C8002B991A /* AppStoreUITests.m */ = {isa = PBXFileReference; lastKnownFileType = sourcecode.c.objc; path = AppStoreUITests.m; sourceTree = "<group>"; };
		88B56FDE1DFA60C8002B991A /* Info.plist */ = {isa = PBXFileReference; lastKnownFileType = text.plist.xml; path = Info.plist; sourceTree = "<group>"; };
/* End PBXFileReference section */

/* Begin PBXFrameworksBuildPhase section */
		88B56FB11DFA60C8002B991A /* Frameworks */ = {
			isa = PBXFrameworksBuildPhase;
			buildActionMask = 2147483647;
			files = (
			);
			runOnlyForDeploymentPostprocessing = 0;
		};
		88B56FCA1DFA60C8002B991A /* Frameworks */ = {
			isa = PBXFrameworksBuildPhase;
			buildActionMask = 2147483647;
			files = (
			);
			runOnlyForDeploymentPostprocessing = 0;
		};
		88B56FD51DFA60C8002B991A /* Frameworks */ = {
			isa = PBXFrameworksBuildPhase;
			buildActionMask = 2147483647;
			files = (
			);
			runOnlyForDeploymentPostprocessing = 0;
		};
/* End PBXFrameworksBuildPhase section */

/* Begin PBXGroup section */
		88B56FAB1DFA60C8002B991A = {
			isa = PBXGroup;
			children = (
				88B56FB61DFA60C8002B991A /* AppStore */,
				88B56FD01DFA60C8002B991A /* AppStoreTests */,
				88B56FDB1DFA60C8002B991A /* AppStoreUITests */,
				88B56FB51DFA60C8002B991A /* Products */,
			);
			sourceTree = "<group>";
		};
		88B56FB51DFA60C8002B991A /* Products */ = {
			isa = PBXGroup;
			children = (
				88B56FB41DFA60C8002B991A /* AppStore.app */,
				88B56FCD1DFA60C8002B991A /* AppStoreTests.xctest */,
				88B56FD81DFA60C8002B991A /* AppStoreUITests.xctest */,
			);
			name = Products;
			sourceTree = "<group>";
		};
		88B56FB61DFA60C8002B991A /* AppStore */ = {
			isa = PBXGroup;
			children = (
				88B56FBA1DFA60C8002B991A /* AppDelegate.h */,
				88B56FBB1DFA60C8002B991A /* AppDelegate.m */,
				88B56FBD1DFA60C8002B991A /* ViewController.h */,
				88B56FBE1DFA60C8002B991A /* ViewController.m */,
				88B56FC01DFA60C8002B991A /* Main.storyboard */,
				88B56FC31DFA60C8002B991A /* Assets.xcassets */,
				88B56FC51DFA60C8002B991A /* LaunchScreen.storyboard */,
				88B56FC81DFA60C8002B991A /* Info.plist */,
				88B56FB71DFA60C8002B991A /* Supporting Files */,
				889A965B1DFAA64B0004084E /* InCollectionViewFlowLayout.h */,
				889A965C1DFAA64B0004084E /* InCollectionViewFlowLayout.m */,
			);
			path = AppStore;
			sourceTree = "<group>";
		};
		88B56FB71DFA60C8002B991A /* Supporting Files */ = {
			isa = PBXGroup;
			children = (
				88B56FB81DFA60C8002B991A /* main.m */,
			);
			name = "Supporting Files";
			sourceTree = "<group>";
		};
		88B56FD01DFA60C8002B991A /* AppStoreTests */ = {
			isa = PBXGroup;
			children = (
				88B56FD11DFA60C8002B991A /* AppStoreTests.m */,
				88B56FD31DFA60C8002B991A /* Info.plist */,
			);
			path = AppStoreTests;
			sourceTree = "<group>";
		};
		88B56FDB1DFA60C8002B991A /* AppStoreUITests */ = {
			isa = PBXGroup;
			children = (
				88B56FDC1DFA60C8002B991A /* AppStoreUITests.m */,
				88B56FDE1DFA60C8002B991A /* Info.plist */,
			);
			path = AppStoreUITests;
			sourceTree = "<group>";
		};
/* End PBXGroup section */

/* Begin PBXNativeTarget section */
		88B56FB31DFA60C8002B991A /* AppStore */ = {
			isa = PBXNativeTarget;
			buildConfigurationList = 88B56FE11DFA60C8002B991A /* Build configuration list for PBXNativeTarget "AppStore" */;
			buildPhases = (
				88B56FB01DFA60C8002B991A /* Sources */,
				88B56FB11DFA60C8002B991A /* Frameworks */,
				88B56FB21DFA60C8002B991A /* Resources */,
			);
			buildRules = (
			);
			dependencies = (
			);
			name = AppStore;
			productName = AppStore;
			productReference = 88B56FB41DFA60C8002B991A /* AppStore.app */;
			productType = "com.apple.product-type.application";
		};
		88B56FCC1DFA60C8002B991A /* AppStoreTests */ = {
			isa = PBXNativeTarget;
			buildConfigurationList = 88B56FE41DFA60C8002B991A /* Build configuration list for PBXNativeTarget "AppStoreTests" */;
			buildPhases = (
				88B56FC91DFA60C8002B991A /* Sources */,
				88B56FCA1DFA60C8002B991A /* Frameworks */,
				88B56FCB1DFA60C8002B991A /* Resources */,
			);
			buildRules = (
			);
			dependencies = (
				88B56FCF1DFA60C8002B991A /* PBXTargetDependency */,
			);
			name = AppStoreTests;
			productName = AppStoreTests;
			productReference = 88B56FCD1DFA60C8002B991A /* AppStoreTests.xctest */;
			productType = "com.apple.product-type.bundle.unit-test";
		};
		88B56FD71DFA60C8002B991A /* AppStoreUITests */ = {
			isa = PBXNativeTarget;
			buildConfigurationList = 88B56FE71DFA60C8002B991A /* Build configuration list for PBXNativeTarget "AppStoreUITests" */;
			buildPhases = (
				88B56FD41DFA60C8002B991A /* Sources */,
				88B56FD51DFA60C8002B991A /* Frameworks */,
				88B56FD61DFA60C8002B991A /* Resources */,
			);
			buildRules = (
			);
			dependencies = (
				88B56FDA1DFA60C8002B991A /* PBXTargetDependency */,
			);
			name = AppStoreUITests;
			productName = AppStoreUITests;
			productReference = 88B56FD81DFA60C8002B991A /* AppStoreUITests.xctest */;
			productType = "com.apple.product-type.bundle.ui-testing";
		};
/* End PBXNativeTarget section */

/* Begin PBXProject section */
		88B56FAC1DFA60C8002B991A /* Project object */ = {
			isa = PBXProject;
			attributes = {
				LastUpgradeCheck = 0810;
				ORGANIZATIONNAME = "爱书人";
				TargetAttributes = {
					88B56FB31DFA60C8002B991A = {
						CreatedOnToolsVersion = 8.1;
						DevelopmentTeam = D8YCPBZ6ZE;
						ProvisioningStyle = Automatic;
					};
					88B56FCC1DFA60C8002B991A = {
						CreatedOnToolsVersion = 8.1;
						ProvisioningStyle = Automatic;
						TestTargetID = 88B56FB31DFA60C8002B991A;
					};
					88B56FD71DFA60C8002B991A = {
						CreatedOnToolsVersion = 8.1;
						ProvisioningStyle = Automatic;
						TestTargetID = 88B56FB31DFA60C8002B991A;
					};
				};
			};
			buildConfigurationList = 88B56FAF1DFA60C8002B991A /* Build configuration list for PBXProject "AppStore" */;
			compatibilityVersion = "Xcode 3.2";
			developmentRegion = English;
			hasScannedForEncodings = 0;
			knownRegions = (
				en,
				Base,
			);
			mainGroup = 88B56FAB1DFA60C8002B991A;
			productRefGroup = 88B56FB51DFA60C8002B991A /* Products */;
			projectDirPath = "";
			projectRoot = "";
			targets = (
				88B56FB31DFA60C8002B991A /* AppStore */,
				88B56FCC1DFA60C8002B991A /* AppStoreTests */,
				88B56FD71DFA60C8002B991A /* AppStoreUITests */,
			);
		};
/* End PBXProject section */

/* Begin PBXResourcesBuildPhase section */
		88B56FB21DFA60C8002B991A /* Resources */ = {
			isa = PBXResourcesBuildPhase;
			buildActionMask = 2147483647;
			files = (
				88B56FC71DFA60C8002B991A /* LaunchScreen.storyboard in Resources */,
				88B56FC41DFA60C8002B991A /* Assets.xcassets in Resources */,
				88B56FC21DFA60C8002B991A /* Main.storyboard in Resources */,
			);
			runOnlyForDeploymentPostprocessing = 0;
		};
		88B56FCB1DFA60C8002B991A /* Resources */ = {
			isa = PBXResourcesBuildPhase;
			buildActionMask = 2147483647;
			files = (
			);
			runOnlyForDeploymentPostprocessing = 0;
		};
		88B56FD61DFA60C8002B991A /* Resources */ = {
			isa = PBXResourcesBuildPhase;
			buildActionMask = 2147483647;
			files = (
			);
			runOnlyForDeploymentPostprocessing = 0;
		};
/* End PBXResourcesBuildPhase section */

/* Begin PBXSourcesBuildPhase section */
		88B56FB01DFA60C8002B991A /* Sources */ = {
			isa = PBXSourcesBuildPhase;
			buildActionMask = 2147483647;
			files = (
				88B56FBF1DFA60C8002B991A /* ViewController.m in Sources */,
				88B56FBC1DFA60C8002B991A /* AppDelegate.m in Sources */,
				88B56FB91DFA60C8002B991A /* main.m in Sources */,
				889A965D1DFAA64B0004084E /* InCollectionViewFlowLayout.m in Sources */,
			);
			runOnlyForDeploymentPostprocessing = 0;
		};
		88B56FC91DFA60C8002B991A /* Sources */ = {
			isa = PBXSourcesBuildPhase;
			buildActionMask = 2147483647;
			files = (
				88B56FD21DFA60C8002B991A /* AppStoreTests.m in Sources */,
			);
			runOnlyForDeploymentPostprocessing = 0;
		};
		88B56FD41DFA60C8002B991A /* Sources */ = {
			isa = PBXSourcesBuildPhase;
			buildActionMask = 2147483647;
			files = (
				88B56FDD1DFA60C8002B991A /* AppStoreUITests.m in Sources */,
			);
			runOnlyForDeploymentPostprocessing = 0;
		};
/* End PBXSourcesBuildPhase section */

/* Begin PBXTargetDependency section */
		88B56FCF1DFA60C8002B991A /* PBXTargetDependency */ = {
			isa = PBXTargetDependency;
			target = 88B56FB31DFA60C8002B991A /* AppStore */;
			targetProxy = 88B56FCE1DFA60C8002B991A /* PBXContainerItemProxy */;
		};
		88B56FDA1DFA60C8002B991A /* PBXTargetDependency */ = {
			isa = PBXTargetDependency;
			target = 88B56FB31DFA60C8002B991A /* AppStore */;
			targetProxy = 88B56FD91DFA60C8002B991A /* PBXContainerItemProxy */;
		};
/* End PBXTargetDependency section */

/* Begin PBXVariantGroup section */
		88B56FC01DFA60C8002B991A /* Main.storyboard */ = {
			isa = PBXVariantGroup;
			children = (
				88B56FC11DFA60C8002B991A /* Base */,
			);
			name = Main.storyboard;
			sourceTree = "<group>";
		};
		88B56FC51DFA60C8002B991A /* LaunchScreen.storyboard */ = {
			isa = PBXVariantGroup;
			children = (
				88B56FC61DFA60C8002B991A /* Base */,
			);
			name = LaunchScreen.storyboard;
			sourceTree = "<group>";
		};
/* End PBXVariantGroup section */

/* Begin XCBuildConfiguration section */
		88B56FDF1DFA60C8002B991A /* Debug */ = {
			isa = XCBuildConfiguration;
			buildSettings = {
				ALWAYS_SEARCH_USER_PATHS = NO;
				CLANG_ANALYZER_NONNULL = YES;
				CLANG_CXX_LANGUAGE_STANDARD = "gnu++0x";
				CLANG_CXX_LIBRARY = "libc++";
				CLANG_ENABLE_MODULES = YES;
				CLANG_ENABLE_OBJC_ARC = YES;
				CLANG_WARN_BOOL_CONVERSION = YES;
				CLANG_WARN_CONSTANT_CONVERSION = YES;
				CLANG_WARN_DIRECT_OBJC_ISA_USAGE = YES_ERROR;
				CLANG_WARN_DOCUMENTATION_COMMENTS = YES;
				CLANG_WARN_EMPTY_BODY = YES;
				CLANG_WARN_ENUM_CONVERSION = YES;
				CLANG_WARN_INFINITE_RECURSION = YES;
				CLANG_WARN_INT_CONVERSION = YES;
				CLANG_WARN_OBJC_ROOT_CLASS = YES_ERROR;
				CLANG_WARN_SUSPICIOUS_MOVES = YES;
				CLANG_WARN_UNREACHABLE_CODE = YES;
				CLANG_WARN__DUPLICATE_METHOD_MATCH = YES;
				"CODE_SIGN_IDENTITY[sdk=iphoneos*]" = "iPhone Developer";
				COPY_PHASE_STRIP = NO;
				DEBUG_INFORMATION_FORMAT = dwarf;
				ENABLE_STRICT_OBJC_MSGSEND = YES;
				ENABLE_TESTABILITY = YES;
				GCC_C_LANGUAGE_STANDARD = gnu99;
				GCC_DYNAMIC_NO_PIC = NO;
				GCC_NO_COMMON_BLOCKS = YES;
				GCC_OPTIMIZATION_LEVEL = 0;
				GCC_PREPROCESSOR_DEFINITIONS = (
					"DEBUG=1",
					"$(inherited)",
				);
				GCC_WARN_64_TO_32_BIT_CONVERSION = YES;
				GCC_WARN_ABOUT_RETURN_TYPE = YES_ERROR;
				GCC_WARN_UNDECLARED_SELECTOR = YES;
				GCC_WARN_UNINITIALIZED_AUTOS = YES_AGGRESSIVE;
				GCC_WARN_UNUSED_FUNCTION = YES;
				GCC_WARN_UNUSED_VARIABLE = YES;
				IPHONEOS_DEPLOYMENT_TARGET = 10.1;
				MTL_ENABLE_DEBUG_INFO = YES;
				ONLY_ACTIVE_ARCH = YES;
				SDKROOT = iphoneos;
			};
			name = Debug;
		};
		88B56FE01DFA60C8002B991A /* Release */ = {
			isa = XCBuildConfiguration;
			buildSettings = {
				ALWAYS_SEARCH_USER_PATHS = NO;
				CLANG_ANALYZER_NONNULL = YES;
				CLANG_CXX_LANGUAGE_STANDARD = "gnu++0x";
				CLANG_CXX_LIBRARY = "libc++";
				CLANG_ENABLE_MODULES = YES;
				CLANG_ENABLE_OBJC_ARC = YES;
				CLANG_WARN_BOOL_CONVERSION = YES;
				CLANG_WARN_CONSTANT_CONVERSION = YES;
				CLANG_WARN_DIRECT_OBJC_ISA_USAGE = YES_ERROR;
				CLANG_WARN_DOCUMENTATION_COMMENTS = YES;
				CLANG_WARN_EMPTY_BODY = YES;
				CLANG_WARN_ENUM_CONVERSION = YES;
				CLANG_WARN_INFINITE_RECURSION = YES;
				CLANG_WARN_INT_CONVERSION = YES;
				CLANG_WARN_OBJC_ROOT_CLASS = YES_ERROR;
				CLANG_WARN_SUSPICIOUS_MOVES = YES;
				CLANG_WARN_UNREACHABLE_CODE = YES;
				CLANG_WARN__DUPLICATE_METHOD_MATCH = YES;
				"CODE_SIGN_IDENTITY[sdk=iphoneos*]" = "iPhone Developer";
				COPY_PHASE_STRIP = NO;
				DEBUG_INFORMATION_FORMAT = "dwarf-with-dsym";
				ENABLE_NS_ASSERTIONS = NO;
				ENABLE_STRICT_OBJC_MSGSEND = YES;
				GCC_C_LANGUAGE_STANDARD = gnu99;
				GCC_NO_COMMON_BLOCKS = YES;
				GCC_WARN_64_TO_32_BIT_CONVERSION = YES;
				GCC_WARN_ABOUT_RETURN_TYPE = YES_ERROR;
				GCC_WARN_UNDECLARED_SELECTOR = YES;
				GCC_WARN_UNINITIALIZED_AUTOS = YES_AGGRESSIVE;
				GCC_WARN_UNUSED_FUNCTION = YES;
				GCC_WARN_UNUSED_VARIABLE = YES;
				IPHONEOS_DEPLOYMENT_TARGET = 10.1;
				MTL_ENABLE_DEBUG_INFO = NO;
				SDKROOT = iphoneos;
				VALIDATE_PRODUCT = YES;
			};
			name = Release;
		};
		88B56FE21DFA60C8002B991A /* Debug */ = {
			isa = XCBuildConfiguration;
			buildSettings = {
				ASSETCATALOG_COMPILER_APPICON_NAME = AppIcon;
				"CODE_SIGN_IDENTITY[sdk=iphoneos*]" = "iPhone Developer";
				DEVELOPMENT_TEAM = D8YCPBZ6ZE;
				INFOPLIST_FILE = AppStore/Info.plist;
				LD_RUNPATH_SEARCH_PATHS = "$(inherited) @executable_path/Frameworks";
				PRODUCT_BUNDLE_IDENTIFIER = com.sunmingqing.AppStore;
				PRODUCT_NAME = "$(TARGET_NAME)";
			};
			name = Debug;
		};
		88B56FE31DFA60C8002B991A /* Release */ = {
			isa = XCBuildConfiguration;
			buildSettings = {
				ASSETCATALOG_COMPILER_APPICON_NAME = AppIcon;
				"CODE_SIGN_IDENTITY[sdk=iphoneos*]" = "iPhone Developer";
				DEVELOPMENT_TEAM = D8YCPBZ6ZE;
				INFOPLIST_FILE = AppStore/Info.plist;
				LD_RUNPATH_SEARCH_PATHS = "$(inherited) @executable_path/Frameworks";
				PRODUCT_BUNDLE_IDENTIFIER = com.sunmingqing.AppStore;
				PRODUCT_NAME = "$(TARGET_NAME)";
			};
			name = Release;
		};
		88B56FE51DFA60C8002B991A /* Debug */ = {
			isa = XCBuildConfiguration;
			buildSettings = {
				BUNDLE_LOADER = "$(TEST_HOST)";
				INFOPLIST_FILE = AppStoreTests/Info.plist;
				LD_RUNPATH_SEARCH_PATHS = "$(inherited) @executable_path/Frameworks @loader_path/Frameworks";
				PRODUCT_BUNDLE_IDENTIFIER = com.sunmingqing.AppStoreTests;
				PRODUCT_NAME = "$(TARGET_NAME)";
				TEST_HOST = "$(BUILT_PRODUCTS_DIR)/AppStore.app/AppStore";
			};
			name = Debug;
		};
		88B56FE61DFA60C8002B991A /* Release */ = {
			isa = XCBuildConfiguration;
			buildSettings = {
				BUNDLE_LOADER = "$(TEST_HOST)";
				INFOPLIST_FILE = AppStoreTests/Info.plist;
				LD_RUNPATH_SEARCH_PATHS = "$(inherited) @executable_path/Frameworks @loader_path/Frameworks";
				PRODUCT_BUNDLE_IDENTIFIER = com.sunmingqing.AppStoreTests;
				PRODUCT_NAME = "$(TARGET_NAME)";
				TEST_HOST = "$(BUILT_PRODUCTS_DIR)/AppStore.app/AppStore";
			};
			name = Release;
		};
		88B56FE81DFA60C8002B991A /* Debug */ = {
			isa = XCBuildConfiguration;
			buildSettings = {
				INFOPLIST_FILE = AppStoreUITests/Info.plist;
				LD_RUNPATH_SEARCH_PATHS = "$(inherited) @executable_path/Frameworks @loader_path/Frameworks";
				PRODUCT_BUNDLE_IDENTIFIER = com.sunmingqing.AppStoreUITests;
				PRODUCT_NAME = "$(TARGET_NAME)";
				TEST_TARGET_NAME = AppStore;
			};
			name = Debug;
		};
		88B56FE91DFA60C8002B991A /* Release */ = {
			isa = XCBuildConfiguration;
			buildSettings = {
				INFOPLIST_FILE = AppStoreUITests/Info.plist;
				LD_RUNPATH_SEARCH_PATHS = "$(inherited) @executable_path/Frameworks @loader_path/Frameworks";
				PRODUCT_BUNDLE_IDENTIFIER = com.sunmingqing.AppStoreUITests;
				PRODUCT_NAME = "$(TARGET_NAME)";
				TEST_TARGET_NAME = AppStore;
			};
			name = Release;
		};
/* End XCBuildConfiguration section */

/* Begin XCConfigurationList section */
		88B56FAF1DFA60C8002B991A /* Build configuration list for PBXProject "AppStore" */ = {
			isa = XCConfigurationList;
			buildConfigurations = (
				88B56FDF1DFA60C8002B991A /* Debug */,
				88B56FE01DFA60C8002B991A /* Release */,
			);
			defaultConfigurationIsVisible = 0;
			defaultConfigurationName = Release;
		};
		88B56FE11DFA60C8002B991A /* Build configuration list for PBXNativeTarget "AppStore" */ = {
			isa = XCConfigurationList;
			buildConfigurations = (
				88B56FE21DFA60C8002B991A /* Debug */,
				88B56FE31DFA60C8002B991A /* Release */,
			);
			defaultConfigurationIsVisible = 0;
			defaultConfigurationName = Release;
		};
		88B56FE41DFA60C8002B991A /* Build configuration list for PBXNativeTarget "AppStoreTests" */ = {
			isa = XCConfigurationList;
			buildConfigurations = (
				88B56FE51DFA60C8002B991A /* Debug */,
				88B56FE61DFA60C8002B991A /* Release */,
			);
			defaultConfigurationIsVisible = 0;
			defaultConfigurationName = Release;
		};
		88B56FE71DFA60C8002B991A /* Build configuration list for PBXNativeTarget "AppStoreUITests" */ = {
			isa = XCConfigurationList;
			buildConfigurations = (
				88B56FE81DFA60C8002B991A /* Debug */,
				88B56FE91DFA60C8002B991A /* Release */,
			);
			defaultConfigurationIsVisible = 0;
			defaultConfigurationName = Release;
		};
/* End XCConfigurationList section */
	};
	rootObject = 88B56FAC1DFA60C8002B991A /* Project object */;
}
